// !$*UTF8*$!
{
	archiveVersion = 1;
	classes = {
	};
	objectVersion = 46;
	objects = {

/* Begin PBXBuildFile section */
		C8955BE51AF75A5200CF110F /* main.m in Sources */ = {isa = PBXBuildFile; fileRef = C8955BE41AF75A5200CF110F /* main.m */; };
		C8955BE81AF75A5200CF110F /* AppDelegate.m in Sources */ = {isa = PBXBuildFile; fileRef = C8955BE71AF75A5200CF110F /* AppDelegate.m */; };
		C8955BEB1AF75A5200CF110F /* ViewController.m in Sources */ = {isa = PBXBuildFile; fileRef = C8955BEA1AF75A5200CF110F /* ViewController.m */; };
		C8955BEE1AF75A5200CF110F /* Main.storyboard in Resources */ = {isa = PBXBuildFile; fileRef = C8955BEC1AF75A5200CF110F /* Main.storyboard */; };
		C8955BF01AF75A5200CF110F /* Images.xcassets in Resources */ = {isa = PBXBuildFile; fileRef = C8955BEF1AF75A5200CF110F /* Images.xcassets */; };
		C8955BF31AF75A5200CF110F /* LaunchScreen.xib in Resources */ = {isa = PBXBuildFile; fileRef = C8955BF11AF75A5200CF110F /* LaunchScreen.xib */; };
		C8955BFF1AF75A5200CF110F /* playPlayTests.m in Sources */ = {isa = PBXBuildFile; fileRef = C8955BFE1AF75A5200CF110F /* playPlayTests.m */; };
/* End PBXBuildFile section */

/* Begin PBXContainerItemProxy section */
		C8955BF91AF75A5200CF110F /* PBXContainerItemProxy */ = {
			isa = PBXContainerItemProxy;
			containerPortal = C8955BD71AF75A5200CF110F /* Project object */;
			proxyType = 1;
			remoteGlobalIDString = C8955BDE1AF75A5200CF110F;
			remoteInfo = playPlay;
		};
/* End PBXContainerItemProxy section */

/* Begin PBXFileReference section */
		C8955BDF1AF75A5200CF110F /* playPlay.app */ = {isa = PBXFileReference; explicitFileType = wrapper.application; includeInIndex = 0; path = playPlay.app; sourceTree = BUILT_PRODUCTS_DIR; };
		C8955BE31AF75A5200CF110F /* Info.plist */ = {isa = PBXFileReference; lastKnownFileType = text.plist.xml; path = Info.plist; sourceTree = "<group>"; };
		C8955BE41AF75A5200CF110F /* main.m */ = {isa = PBXFileReference; lastKnownFileType = sourcecode.c.objc; path = main.m; sourceTree = "<group>"; };
		C8955BE61AF75A5200CF110F /* AppDelegate.h */ = {isa = PBXFileReference; lastKnownFileType = sourcecode.c.h; path = AppDelegate.h; sourceTree = "<group>"; };
		C8955BE71AF75A5200CF110F /* AppDelegate.m */ = {isa = PBXFileReference; lastKnownFileType = sourcecode.c.objc; path = AppDelegate.m; sourceTree = "<group>"; };
		C8955BE91AF75A5200CF110F /* ViewController.h */ = {isa = PBXFileReference; lastKnownFileType = sourcecode.c.h; path = ViewController.h; sourceTree = "<group>"; };
		C8955BEA1AF75A5200CF110F /* ViewController.m */ = {isa = PBXFileReference; lastKnownFileType = sourcecode.c.objc; path = ViewController.m; sourceTree = "<group>"; };
		C8955BED1AF75A5200CF110F /* Base */ = {isa = PBXFileReference; lastKnownFileType = file.storyboard; name = Base; path = Base.lproj/Main.storyboard; sourceTree = "<group>"; };
		C8955BEF1AF75A5200CF110F /* Images.xcassets */ = {isa = PBXFileReference; lastKnownFileType = folder.assetcatalog; path = Images.xcassets; sourceTree = "<group>"; };
		C8955BF21AF75A5200CF110F /* Base */ = {isa = PBXFileReference; lastKnownFileType = file.xib; name = Base; path = Base.lproj/LaunchScreen.xib; sourceTree = "<group>"; };
		C8955BF81AF75A5200CF110F /* playPlayTests.xctest */ = {isa = PBXFileReference; explicitFileType = wrapper.cfbundle; includeInIndex = 0; path = playPlayTests.xctest; sourceTree = BUILT_PRODUCTS_DIR; };
		C8955BFD1AF75A5200CF110F /* Info.plist */ = {isa = PBXFileReference; lastKnownFileType = text.plist.xml; path = Info.plist; sourceTree = "<group>"; };
		C8955BFE1AF75A5200CF110F /* playPlayTests.m */ = {isa = PBXFileReference; lastKnownFileType = sourcecode.c.objc; path = playPlayTests.m; sourceTree = "<group>"; };
/* End PBXFileReference section */

/* Begin PBXFrameworksBuildPhase section */
		C8955BDC1AF75A5200CF110F /* Frameworks */ = {
			isa = PBXFrameworksBuildPhase;
			buildActionMask = 2147483647;
			files = (
			);
			runOnlyForDeploymentPostprocessing = 0;
		};
		C8955BF51AF75A5200CF110F /* Frameworks */ = {
			isa = PBXFrameworksBuildPhase;
			buildActionMask = 2147483647;
			files = (
			);
			runOnlyForDeploymentPostprocessing = 0;
		};
/* End PBXFrameworksBuildPhase section */

/* Begin PBXGroup section */
		C8955BD61AF75A5200CF110F = {
			isa = PBXGroup;
			children = (
				C8955BE11AF75A5200CF110F /* playPlay */,
				C8955BFB1AF75A5200CF110F /* playPlayTests */,
				C8955BE01AF75A5200CF110F /* Products */,
			);
			sourceTree = "<group>";
		};
		C8955BE01AF75A5200CF110F /* Products */ = {
			isa = PBXGroup;
			children = (
				C8955BDF1AF75A5200CF110F /* playPlay.app */,
				C8955BF81AF75A5200CF110F /* playPlayTests.xctest */,
			);
			name = Products;
			sourceTree = "<group>";
		};
		C8955BE11AF75A5200CF110F /* playPlay */ = {
			isa = PBXGroup;
			children = (
				C8955BE61AF75A5200CF110F /* AppDelegate.h */,
				C8955BE71AF75A5200CF110F /* AppDelegate.m */,
				C8955BE91AF75A5200CF110F /* ViewController.h */,
				C8955BEA1AF75A5200CF110F /* ViewController.m */,
				C8955BEC1AF75A5200CF110F /* Main.storyboard */,
				C8955BEF1AF75A5200CF110F /* Images.xcassets */,
				C8955BF11AF75A5200CF110F /* LaunchScreen.xib */,
				C8955BE21AF75A5200CF110F /* Supporting Files */,
			);
			path = playPlay;
			sourceTree = "<group>";
		};
		C8955BE21AF75A5200CF110F /* Supporting Files */ = {
			isa = PBXGroup;
			children = (
				C8955BE31AF75A5200CF110F /* Info.plist */,
				C8955BE41AF75A5200CF110F /* main.m */,
			);
			name = "Supporting Files";
			sourceTree = "<group>";
		};
		C8955BFB1AF75A5200CF110F /* playPlayTests */ = {
			isa = PBXGroup;
			children = (
				C8955BFE1AF75A5200CF110F /* playPlayTests.m */,
				C8955BFC1AF75A5200CF110F /* Supporting Files */,
			);
			path = playPlayTests;
			sourceTree = "<group>";
		};
		C8955BFC1AF75A5200CF110F /* Supporting Files */ = {
			isa = PBXGroup;
			children = (
				C8955BFD1AF75A5200CF110F /* Info.plist */,
			);
			name = "Supporting Files";
			sourceTree = "<group>";
		};
/* End PBXGroup section */

/* Begin PBXNativeTarget section */
		C8955BDE1AF75A5200CF110F /* playPlay */ = {
			isa = PBXNativeTarget;
			buildConfigurationList = C8955C021AF75A5200CF110F /* Build configuration list for PBXNativeTarget "playPlay" */;
			buildPhases = (
				C8955BDB1AF75A5200CF110F /* Sources */,
				C8955BDC1AF75A5200CF110F /* Frameworks */,
				C8955BDD1AF75A5200CF110F /* Resources */,
			);
			buildRules = (
			);
			dependencies = (
			);
			name = playPlay;
			productName = playPlay;
			productReference = C8955BDF1AF75A5200CF110F /* playPlay.app */;
			productType = "com.apple.product-type.application";
		};
		C8955BF71AF75A5200CF110F /* playPlayTests */ = {
			isa = PBXNativeTarget;
			buildConfigurationList = C8955C051AF75A5200CF110F /* Build configuration list for PBXNativeTarget "playPlayTests" */;
			buildPhases = (
				C8955BF41AF75A5200CF110F /* Sources */,
				C8955BF51AF75A5200CF110F /* Frameworks */,
				C8955BF61AF75A5200CF110F /* Resources */,
			);
			buildRules = (
			);
			dependencies = (
				C8955BFA1AF75A5200CF110F /* PBXTargetDependency */,
			);
			name = playPlayTests;
			productName = playPlayTests;
			productReference = C8955BF81AF75A5200CF110F /* playPlayTests.xctest */;
			productType = "com.apple.product-type.bundle.unit-test";
		};
/* End PBXNativeTarget section */

/* Begin PBXProject section */
		C8955BD71AF75A5200CF110F /* Project object */ = {
			isa = PBXProject;
			attributes = {
				LastUpgradeCheck = 0630;
				ORGANIZATIONNAME = "Francisco José Herrera Garrido";
				TargetAttributes = {
					C8955BDE1AF75A5200CF110F = {
						CreatedOnToolsVersion = 6.3;
					};
					C8955BF71AF75A5200CF110F = {
						CreatedOnToolsVersion = 6.3;
						TestTargetID = C8955BDE1AF75A5200CF110F;
					};
				};
			};
			buildConfigurationList = C8955BDA1AF75A5200CF110F /* Build configuration list for PBXProject "playPlay" */;
			compatibilityVersion = "Xcode 3.2";
			developmentRegion = English;
			hasScannedForEncodings = 0;
			knownRegions = (
				en,
				Base,
			);
			mainGroup = C8955BD61AF75A5200CF110F;
			productRefGroup = C8955BE01AF75A5200CF110F /* Products */;
			projectDirPath = "";
			projectRoot = "";
			targets = (
				C8955BDE1AF75A5200CF110F /* playPlay */,
				C8955BF71AF75A5200CF110F /* playPlayTests */,
			);
		};
/* End PBXProject section */

/* Begin PBXResourcesBuildPhase section */
		C8955BDD1AF75A5200CF110F /* Resources */ = {
			isa = PBXResourcesBuildPhase;
			buildActionMask = 2147483647;
			files = (
				C8955BEE1AF75A5200CF110F /* Main.storyboard in Resources */,
				C8955BF31AF75A5200CF110F /* LaunchScreen.xib in Resources */,
				C8955BF01AF75A5200CF110F /* Images.xcassets in Resources */,
			);
			runOnlyForDeploymentPostprocessing = 0;
		};
		C8955BF61AF75A5200CF110F /* Resources */ = {
			isa = PBXResourcesBuildPhase;
			buildActionMask = 2147483647;
			files = (
			);
			runOnlyForDeploymentPostprocessing = 0;
		};
/* End PBXResourcesBuildPhase section */

/* Begin PBXSourcesBuildPhase section */
		C8955BDB1AF75A5200CF110F /* Sources */ = {
			isa = PBXSourcesBuildPhase;
			buildActionMask = 2147483647;
			files = (
				C8955BEB1AF75A5200CF110F /* ViewController.m in Sources */,
				C8955BE81AF75A5200CF110F /* AppDelegate.m in Sources */,
				C8955BE51AF75A5200CF110F /* main.m in Sources */,
			);
			runOnlyForDeploymentPostprocessing = 0;
		};
		C8955BF41AF75A5200CF110F /* Sources */ = {
			isa = PBXSourcesBuildPhase;
			buildActionMask = 2147483647;
			files = (
				C8955BFF1AF75A5200CF110F /* playPlayTests.m in Sources */,
			);
			runOnlyForDeploymentPostprocessing = 0;
		};
/* End PBXSourcesBuildPhase section */

/* Begin PBXTargetDependency section */
		C8955BFA1AF75A5200CF110F /* PBXTargetDependency */ = {
			isa = PBXTargetDependency;
			target = C8955BDE1AF75A5200CF110F /* playPlay */;
			targetProxy = C8955BF91AF75A5200CF110F /* PBXContainerItemProxy */;
		};
/* End PBXTargetDependency section */

/* Begin PBXVariantGroup section */
		C8955BEC1AF75A5200CF110F /* Main.storyboard */ = {
			isa = PBXVariantGroup;
			children = (
				C8955BED1AF75A5200CF110F /* Base */,
			);
			name = Main.storyboard;
			sourceTree = "<group>";
		};
		C8955BF11AF75A5200CF110F /* LaunchScreen.xib */ = {
			isa = PBXVariantGroup;
			children = (
				C8955BF21AF75A5200CF110F /* Base */,
			);
			name = LaunchScreen.xib;
			sourceTree = "<group>";
		};
/* End PBXVariantGroup section */

/* Begin XCBuildConfiguration section */
		C8955C001AF75A5200CF110F /* Debug */ = {
			isa = XCBuildConfiguration;
			buildSettings = {
				ALWAYS_SEARCH_USER_PATHS = NO;
				CLANG_CXX_LANGUAGE_STANDARD = "gnu++0x";
				CLANG_CXX_LIBRARY = "libc++";
				CLANG_ENABLE_MODULES = YES;
				CLANG_ENABLE_OBJC_ARC = YES;
				CLANG_WARN_BOOL_CONVERSION = YES;
				CLANG_WARN_CONSTANT_CONVERSION = YES;
				CLANG_WARN_DIRECT_OBJC_ISA_USAGE = YES_ERROR;
				CLANG_WARN_EMPTY_BODY = YES;
				CLANG_WARN_ENUM_CONVERSION = YES;
				CLANG_WARN_INT_CONVERSION = YES;
				CLANG_WARN_OBJC_ROOT_CLASS = YES_ERROR;
				CLANG_WARN_UNREACHABLE_CODE = YES;
				CLANG_WARN__DUPLICATE_METHOD_MATCH = YES;
				"CODE_SIGN_IDENTITY[sdk=iphoneos*]" = "iPhone Developer";
				COPY_PHASE_STRIP = NO;
				DEBUG_INFORMATION_FORMAT = "dwarf-with-dsym";
				ENABLE_STRICT_OBJC_MSGSEND = YES;
				GCC_C_LANGUAGE_STANDARD = gnu99;
				GCC_DYNAMIC_NO_PIC = NO;
				GCC_NO_COMMON_BLOCKS = YES;
				GCC_OPTIMIZATION_LEVEL = 0;
				GCC_PREPROCESSOR_DEFINITIONS = (
					"DEBUG=1",
					"$(inherited)",
				);
				GCC_SYMBOLS_PRIVATE_EXTERN = NO;
				GCC_WARN_64_TO_32_BIT_CONVERSION = YES;
				GCC_WARN_ABOUT_RETURN_TYPE = YES_ERROR;
				GCC_WARN_UNDECLARED_SELECTOR = YES;
				GCC_WARN_UNINITIALIZED_AUTOS = YES_AGGRESSIVE;
				GCC_WARN_UNUSED_FUNCTION = YES;
				GCC_WARN_UNUSED_VARIABLE = YES;
				IPHONEOS_DEPLOYMENT_TARGET = 8.3;
				MTL_ENABLE_DEBUG_INFO = YES;
				ONLY_ACTIVE_ARCH = YES;
				SDKROOT = iphoneos;
			};
			name = Debug;
		};
		C8955C011AF75A5200CF110F /* Release */ = {
			isa = XCBuildConfiguration;
			buildSettings = {
				ALWAYS_SEARCH_USER_PATHS = NO;
				CLANG_CXX_LANGUAGE_STANDARD = "gnu++0x";
				CLANG_CXX_LIBRARY = "libc++";
				CLANG_ENABLE_MODULES = YES;
				CLANG_ENABLE_OBJC_ARC = YES;
				CLANG_WARN_BOOL_CONVERSION = YES;
				CLANG_WARN_CONSTANT_CONVERSION = YES;
				CLANG_WARN_DIRECT_OBJC_ISA_USAGE = YES_ERROR;
				CLANG_WARN_EMPTY_BODY = YES;
				CLANG_WARN_ENUM_CONVERSION = YES;
				CLANG_WARN_INT_CONVERSION = YES;
				CLANG_WARN_OBJC_ROOT_CLASS = YES_ERROR;
				CLANG_WARN_UNREACHABLE_CODE = YES;
				CLANG_WARN__DUPLICATE_METHOD_MATCH = YES;
				"CODE_SIGN_IDENTITY[sdk=iphoneos*]" = "iPhone Developer";
				COPY_PHASE_STRIP = NO;
				DEBUG_INFORMATION_FORMAT = "dwarf-with-dsym";
				ENABLE_NS_ASSERTIONS = NO;
				ENABLE_STRICT_OBJC_MSGSEND = YES;
				GCC_C_LANGUAGE_STANDARD = gnu99;
				GCC_NO_COMMON_BLOCKS = YES;
				GCC_WARN_64_TO_32_BIT_CONVERSION = YES;
				GCC_WARN_ABOUT_RETURN_TYPE = YES_ERROR;
				GCC_WARN_UNDECLARED_SELECTOR = YES;
				GCC_WARN_UNINITIALIZED_AUTOS = YES_AGGRESSIVE;
				GCC_WARN_UNUSED_FUNCTION = YES;
				GCC_WARN_UNUSED_VARIABLE = YES;
				IPHONEOS_DEPLOYMENT_TARGET = 8.3;
				MTL_ENABLE_DEBUG_INFO = NO;
				SDKROOT = iphoneos;
				VALIDATE_PRODUCT = YES;
			};
			name = Release;
		};
		C8955C031AF75A5200CF110F /* Debug */ = {
			isa = XCBuildConfiguration;
			buildSettings = {
				ASSETCATALOG_COMPILER_APPICON_NAME = AppIcon;
				INFOPLIST_FILE = playPlay/Info.plist;
				LD_RUNPATH_SEARCH_PATHS = "$(inherited) @executable_path/Frameworks";
				PRODUCT_NAME = "$(TARGET_NAME)";
			};
			name = Debug;
		};
		C8955C041AF75A5200CF110F /* Release */ = {
			isa = XCBuildConfiguration;
			buildSettings = {
				ASSETCATALOG_COMPILER_APPICON_NAME = AppIcon;
				INFOPLIST_FILE = playPlay/Info.plist;
				LD_RUNPATH_SEARCH_PATHS = "$(inherited) @executable_path/Frameworks";
				PRODUCT_NAME = "$(TARGET_NAME)";
			};
			name = Release;
		};
		C8955C061AF75A5200CF110F /* Debug */ = {
			isa = XCBuildConfiguration;
			buildSettings = {
				BUNDLE_LOADER = "$(TEST_HOST)";
				FRAMEWORK_SEARCH_PATHS = (
					"$(SDKROOT)/Developer/Library/Frameworks",
					"$(inherited)",
				);
				GCC_PREPROCESSOR_DEFINITIONS = (
					"DEBUG=1",
					"$(inherited)",
				);
				INFOPLIST_FILE = playPlayTests/Info.plist;
				LD_RUNPATH_SEARCH_PATHS = "$(inherited) @executable_path/Frameworks @loader_path/Frameworks";
				PRODUCT_NAME = "$(TARGET_NAME)";
				TEST_HOST = "$(BUILT_PRODUCTS_DIR)/playPlay.app/playPlay";
			};
			name = Debug;
		};
		C8955C071AF75A5200CF110F /* Release */ = {
			isa = XCBuildConfiguration;
			buildSettings = {
				BUNDLE_LOADER = "$(TEST_HOST)";
				FRAMEWORK_SEARCH_PATHS = (
					"$(SDKROOT)/Developer/Library/Frameworks",
					"$(inherited)",
				);
				INFOPLIST_FILE = playPlayTests/Info.plist;
				LD_RUNPATH_SEARCH_PATHS = "$(inherited) @executable_path/Frameworks @loader_path/Frameworks";
				PRODUCT_NAME = "$(TARGET_NAME)";
				TEST_HOST = "$(BUILT_PRODUCTS_DIR)/playPlay.app/playPlay";
			};
			name = Release;
		};
/* End XCBuildConfiguration section */

/* Begin XCConfigurationList section */
		C8955BDA1AF75A5200CF110F /* Build configuration list for PBXProject "playPlay" */ = {
			isa = XCConfigurationList;
			buildConfigurations = (
				C8955C001AF75A5200CF110F /* Debug */,
				C8955C011AF75A5200CF110F /* Release */,
			);
			defaultConfigurationIsVisible = 0;
			defaultConfigurationName = Release;
		};
		C8955C021AF75A5200CF110F /* Build configuration list for PBXNativeTarget "playPlay" */ = {
			isa = XCConfigurationList;
			buildConfigurations = (
				C8955C031AF75A5200CF110F /* Debug */,
				C8955C041AF75A5200CF110F /* Release */,
			);
			defaultConfigurationIsVisible = 0;
		};
		C8955C051AF75A5200CF110F /* Build configuration list for PBXNativeTarget "playPlayTests" */ = {
			isa = XCConfigurationList;
			buildConfigurations = (
				C8955C061AF75A5200CF110F /* Debug */,
				C8955C071AF75A5200CF110F /* Release */,
			);
			defaultConfigurationIsVisible = 0;
		};
/* End XCConfigurationList section */
	};
	rootObject = C8955BD71AF75A5200CF110F /* Project object */;
}
